
Microsoft Visual Studio Solution File, Format Version 12.00
# Visual Studio Version 16
VisualStudioVersion = 16.0.31702.278
MinimumVisualStudioVersion = 10.0.40219.1
Project("{9A19103F-16F7-4668-BE54-9A1E7A4F7556}") = "SchoolManagementSystem", "SchoolManagementSystem.csproj", "{11026B2C-5CFC-48F7-BAEC-081164F73B4C}"
EndProject
Global
	GlobalSection(SolutionConfigurationPlatforms) = preSolution
		Debug|Any CPU = Debug|Any CPU
		Release|Any CPU = Release|Any CPU
	EndGlobalSection
	GlobalSection(ProjectConfigurationPlatforms) = postSolution
		{11026B2C-5CFC-48F7-BAEC-081164F73B4C}.Debug|Any CPU.ActiveCfg = Debug|Any CPU
		{11026B2C-5CFC-48F7-BAEC-081164F73B4C}.Debug|Any CPU.Build.0 = Debug|Any CPU
		{11026B2C-5CFC-48F7-BAEC-081164F73B4C}.Release|Any CPU.ActiveCfg = Release|Any CPU
		{11026B2C-5CFC-48F7-BAEC-081164F73B4C}.Release|Any CPU.Build.0 = Release|Any CPU
	EndGlobalSection
	GlobalSection(SolutionProperties) = preSolution
		HideSolutionNode = FALSE
	EndGlobalSection
	GlobalSection(ExtensibilityGlobals) = postSolution
		SolutionGuid = {35BFA4FF-54B4-4074-B4E7-0C04A655D514}
	EndGlobalSection
EndGlobal
